// !$*UTF8*$!
{
	archiveVersion = 1;
	classes = {
	};
	objectVersion = 50;
	objects = {

/* Begin PBXBuildFile section */
		7E2B822B22EE68E300C52D1E /* LessonService.swift in Sources */ = {isa = PBXBuildFile; fileRef = 7E2B822A22EE68E300C52D1E /* LessonService.swift */; };
		7EB252C722E889A600CAA941 /* AppDelegate.swift in Sources */ = {isa = PBXBuildFile; fileRef = 7EB252C622E889A600CAA941 /* AppDelegate.swift */; };
		7EB252C922E889A600CAA941 /* ViewController.swift in Sources */ = {isa = PBXBuildFile; fileRef = 7EB252C822E889A600CAA941 /* ViewController.swift */; };
		7EB252CC22E889A600CAA941 /* Main.storyboard in Resources */ = {isa = PBXBuildFile; fileRef = 7EB252CA22E889A600CAA941 /* Main.storyboard */; };
		7EB252CF22E889A600CAA941 /* Wong_Park.xcdatamodeld in Sources */ = {isa = PBXBuildFile; fileRef = 7EB252CD22E889A600CAA941 /* Wong_Park.xcdatamodeld */; };
		7EB252D122E889A800CAA941 /* Assets.xcassets in Resources */ = {isa = PBXBuildFile; fileRef = 7EB252D022E889A800CAA941 /* Assets.xcassets */; };
		7EB252D422E889A800CAA941 /* LaunchScreen.storyboard in Resources */ = {isa = PBXBuildFile; fileRef = 7EB252D222E889A800CAA941 /* LaunchScreen.storyboard */; };
		7EB252DF22E88C5E00CAA941 /* Lesson+CoreDataClass.swift in Sources */ = {isa = PBXBuildFile; fileRef = 7EB252DB22E88C5E00CAA941 /* Lesson+CoreDataClass.swift */; };
		7EB252E022E88C5E00CAA941 /* Lesson+CoreDataProperties.swift in Sources */ = {isa = PBXBuildFile; fileRef = 7EB252DC22E88C5E00CAA941 /* Lesson+CoreDataProperties.swift */; };
		7EB252E122E88C5E00CAA941 /* Student+CoreDataClass.swift in Sources */ = {isa = PBXBuildFile; fileRef = 7EB252DD22E88C5E00CAA941 /* Student+CoreDataClass.swift */; };
		7EB252E222E88C5E00CAA941 /* Student+CoreDataProperties.swift in Sources */ = {isa = PBXBuildFile; fileRef = 7EB252DE22E88C5E00CAA941 /* Student+CoreDataProperties.swift */; };
		7EB252E822E88E4400CAA941 /* WongListVC.swift in Sources */ = {isa = PBXBuildFile; fileRef = 7EB252E722E88E4400CAA941 /* WongListVC.swift */; };
		7EB252EA22E88E8200CAA941 /* WongListTableViewCell.swift in Sources */ = {isa = PBXBuildFile; fileRef = 7EB252E922E88E8200CAA941 /* WongListTableViewCell.swift */; };
		7EB252F022E8A0EB00CAA941 /* WongListVC+Actions.swift in Sources */ = {isa = PBXBuildFile; fileRef = 7EB252EF22E8A0EB00CAA941 /* WongListVC+Actions.swift */; };
/* End PBXBuildFile section */

/* Begin PBXFileReference section */
		7E2B822A22EE68E300C52D1E /* LessonService.swift */ = {isa = PBXFileReference; lastKnownFileType = sourcecode.swift; path = LessonService.swift; sourceTree = "<group>"; };
		7EB252C322E889A600CAA941 /* Wong Park.app */ = {isa = PBXFileReference; explicitFileType = wrapper.application; includeInIndex = 0; path = "Wong Park.app"; sourceTree = BUILT_PRODUCTS_DIR; };
		7EB252C622E889A600CAA941 /* AppDelegate.swift */ = {isa = PBXFileReference; lastKnownFileType = sourcecode.swift; path = AppDelegate.swift; sourceTree = "<group>"; };
		7EB252C822E889A600CAA941 /* ViewController.swift */ = {isa = PBXFileReference; lastKnownFileType = sourcecode.swift; path = ViewController.swift; sourceTree = "<group>"; };
		7EB252CB22E889A600CAA941 /* Base */ = {isa = PBXFileReference; lastKnownFileType = file.storyboard; name = Base; path = Base.lproj/Main.storyboard; sourceTree = "<group>"; };
		7EB252CE22E889A600CAA941 /* Wong_Park.xcdatamodel */ = {isa = PBXFileReference; lastKnownFileType = wrapper.xcdatamodel; path = Wong_Park.xcdatamodel; sourceTree = "<group>"; };
		7EB252D022E889A800CAA941 /* Assets.xcassets */ = {isa = PBXFileReference; lastKnownFileType = folder.assetcatalog; path = Assets.xcassets; sourceTree = "<group>"; };
		7EB252D322E889A800CAA941 /* Base */ = {isa = PBXFileReference; lastKnownFileType = file.storyboard; name = Base; path = Base.lproj/LaunchScreen.storyboard; sourceTree = "<group>"; };
		7EB252D522E889A800CAA941 /* Info.plist */ = {isa = PBXFileReference; lastKnownFileType = text.plist.xml; path = Info.plist; sourceTree = "<group>"; };
		7EB252DB22E88C5E00CAA941 /* Lesson+CoreDataClass.swift */ = {isa = PBXFileReference; lastKnownFileType = sourcecode.swift; path = "Lesson+CoreDataClass.swift"; sourceTree = "<group>"; };
		7EB252DC22E88C5E00CAA941 /* Lesson+CoreDataProperties.swift */ = {isa = PBXFileReference; lastKnownFileType = sourcecode.swift; path = "Lesson+CoreDataProperties.swift"; sourceTree = "<group>"; };
		7EB252DD22E88C5E00CAA941 /* Student+CoreDataClass.swift */ = {isa = PBXFileReference; lastKnownFileType = sourcecode.swift; path = "Student+CoreDataClass.swift"; sourceTree = "<group>"; };
		7EB252DE22E88C5E00CAA941 /* Student+CoreDataProperties.swift */ = {isa = PBXFileReference; lastKnownFileType = sourcecode.swift; path = "Student+CoreDataProperties.swift"; sourceTree = "<group>"; };
		7EB252E722E88E4400CAA941 /* WongListVC.swift */ = {isa = PBXFileReference; lastKnownFileType = sourcecode.swift; path = WongListVC.swift; sourceTree = "<group>"; };
		7EB252E922E88E8200CAA941 /* WongListTableViewCell.swift */ = {isa = PBXFileReference; lastKnownFileType = sourcecode.swift; path = WongListTableViewCell.swift; sourceTree = "<group>"; };
		7EB252EF22E8A0EB00CAA941 /* WongListVC+Actions.swift */ = {isa = PBXFileReference; lastKnownFileType = sourcecode.swift; path = "WongListVC+Actions.swift"; sourceTree = "<group>"; };
/* End PBXFileReference section */

/* Begin PBXFrameworksBuildPhase section */
		7EB252C022E889A600CAA941 /* Frameworks */ = {
			isa = PBXFrameworksBuildPhase;
			buildActionMask = 2147483647;
			files = (
			);
			runOnlyForDeploymentPostprocessing = 0;
		};
/* End PBXFrameworksBuildPhase section */

/* Begin PBXGroup section */
		7E2B822922EE68D400C52D1E /* Services */ = {
			isa = PBXGroup;
			children = (
				7E2B822A22EE68E300C52D1E /* LessonService.swift */,
			);
			name = Services;
			sourceTree = "<group>";
		};
		7EB252BA22E889A600CAA941 = {
			isa = PBXGroup;
			children = (
				7EB252C522E889A600CAA941 /* Wong Park */,
				7EB252C422E889A600CAA941 /* Products */,
			);
			sourceTree = "<group>";
		};
		7EB252C422E889A600CAA941 /* Products */ = {
			isa = PBXGroup;
			children = (
				7EB252C322E889A600CAA941 /* Wong Park.app */,
			);
			name = Products;
			sourceTree = "<group>";
		};
		7EB252C522E889A600CAA941 /* Wong Park */ = {
			isa = PBXGroup;
			children = (
				7E2B822922EE68D400C52D1E /* Services */,
				7EB252EB22E89EDE00CAA941 /* Students */,
				7EB252E322E88C6C00CAA941 /* entitiyModels */,
				7EB252C622E889A600CAA941 /* AppDelegate.swift */,
				7EB252C822E889A600CAA941 /* ViewController.swift */,
				7EB252CA22E889A600CAA941 /* Main.storyboard */,
				7EB252D022E889A800CAA941 /* Assets.xcassets */,
				7EB252D222E889A800CAA941 /* LaunchScreen.storyboard */,
				7EB252D522E889A800CAA941 /* Info.plist */,
			);
			path = "Wong Park";
			sourceTree = "<group>";
		};
		7EB252E322E88C6C00CAA941 /* entitiyModels */ = {
			isa = PBXGroup;
			children = (
				7EB252CD22E889A600CAA941 /* Wong_Park.xcdatamodeld */,
				7EB252DB22E88C5E00CAA941 /* Lesson+CoreDataClass.swift */,
				7EB252DC22E88C5E00CAA941 /* Lesson+CoreDataProperties.swift */,
				7EB252DD22E88C5E00CAA941 /* Student+CoreDataClass.swift */,
				7EB252DE22E88C5E00CAA941 /* Student+CoreDataProperties.swift */,
			);
			name = entitiyModels;
			sourceTree = "<group>";
		};
		7EB252EB22E89EDE00CAA941 /* Students */ = {
			isa = PBXGroup;
			children = (
				7EB252EE22E89EFF00CAA941 /* view */,
				7EB252ED22E89EF400CAA941 /* model */,
				7EB252EC22E89EEB00CAA941 /* controller */,
			);
			name = Students;
			sourceTree = "<group>";
		};
		7EB252EC22E89EEB00CAA941 /* controller */ = {
			isa = PBXGroup;
			children = (
				7EB252E722E88E4400CAA941 /* WongListVC.swift */,
				7EB252EF22E8A0EB00CAA941 /* WongListVC+Actions.swift */,
			);
			name = controller;
			sourceTree = "<group>";
		};
		7EB252ED22E89EF400CAA941 /* model */ = {
			isa = PBXGroup;
			children = (
			);
			name = model;
			sourceTree = "<group>";
		};
		7EB252EE22E89EFF00CAA941 /* view */ = {
			isa = PBXGroup;
			children = (
				7EB252E922E88E8200CAA941 /* WongListTableViewCell.swift */,
			);
			name = view;
			sourceTree = "<group>";
		};
/* End PBXGroup section */

/* Begin PBXNativeTarget section */
		7EB252C222E889A600CAA941 /* Wong Park */ = {
			isa = PBXNativeTarget;
			buildConfigurationList = 7EB252D822E889A800CAA941 /* Build configuration list for PBXNativeTarget "Wong Park" */;
			buildPhases = (
				7EB252BF22E889A600CAA941 /* Sources */,
				7EB252C022E889A600CAA941 /* Frameworks */,
				7EB252C122E889A600CAA941 /* Resources */,
			);
			buildRules = (
			);
			dependencies = (
			);
			name = "Wong Park";
			productName = "Wong Park";
			productReference = 7EB252C322E889A600CAA941 /* Wong Park.app */;
			productType = "com.apple.product-type.application";
		};
/* End PBXNativeTarget section */

/* Begin PBXProject section */
		7EB252BB22E889A600CAA941 /* Project object */ = {
			isa = PBXProject;
			attributes = {
				LastSwiftUpdateCheck = 1020;
				LastUpgradeCheck = 1020;
				ORGANIZATIONNAME = Kipacraft;
				TargetAttributes = {
					7EB252C222E889A600CAA941 = {
						CreatedOnToolsVersion = 10.2.1;
					};
				};
			};
			buildConfigurationList = 7EB252BE22E889A600CAA941 /* Build configuration list for PBXProject "Wong Park" */;
			compatibilityVersion = "Xcode 9.3";
			developmentRegion = en;
			hasScannedForEncodings = 0;
			knownRegions = (
				en,
				Base,
			);
			mainGroup = 7EB252BA22E889A600CAA941;
			productRefGroup = 7EB252C422E889A600CAA941 /* Products */;
			projectDirPath = "";
			projectRoot = "";
			targets = (
				7EB252C222E889A600CAA941 /* Wong Park */,
			);
		};
/* End PBXProject section */

/* Begin PBXResourcesBuildPhase section */
		7EB252C122E889A600CAA941 /* Resources */ = {
			isa = PBXResourcesBuildPhase;
			buildActionMask = 2147483647;
			files = (
				7EB252D422E889A800CAA941 /* LaunchScreen.storyboard in Resources */,
				7EB252D122E889A800CAA941 /* Assets.xcassets in Resources */,
				7EB252CC22E889A600CAA941 /* Main.storyboard in Resources */,
			);
			runOnlyForDeploymentPostprocessing = 0;
		};
/* End PBXResourcesBuildPhase section */

/* Begin PBXSourcesBuildPhase section */
		7EB252BF22E889A600CAA941 /* Sources */ = {
			isa = PBXSourcesBuildPhase;
			buildActionMask = 2147483647;
			files = (
				7EB252C922E889A600CAA941 /* ViewController.swift in Sources */,
				7EB252E122E88C5E00CAA941 /* Student+CoreDataClass.swift in Sources */,
				7EB252EA22E88E8200CAA941 /* WongListTableViewCell.swift in Sources */,
				7EB252DF22E88C5E00CAA941 /* Lesson+CoreDataClass.swift in Sources */,
				7EB252E822E88E4400CAA941 /* WongListVC.swift in Sources */,
				7EB252E022E88C5E00CAA941 /* Lesson+CoreDataProperties.swift in Sources */,
				7EB252CF22E889A600CAA941 /* Wong_Park.xcdatamodeld in Sources */,
				7EB252C722E889A600CAA941 /* AppDelegate.swift in Sources */,
				7EB252E222E88C5E00CAA941 /* Student+CoreDataProperties.swift in Sources */,
				7EB252F022E8A0EB00CAA941 /* WongListVC+Actions.swift in Sources */,
				7E2B822B22EE68E300C52D1E /* LessonService.swift in Sources */,
			);
			runOnlyForDeploymentPostprocessing = 0;
		};
/* End PBXSourcesBuildPhase section */

/* Begin PBXVariantGroup section */
		7EB252CA22E889A600CAA941 /* Main.storyboard */ = {
			isa = PBXVariantGroup;
			children = (
				7EB252CB22E889A600CAA941 /* Base */,
			);
			name = Main.storyboard;
			sourceTree = "<group>";
		};
		7EB252D222E889A800CAA941 /* LaunchScreen.storyboard */ = {
			isa = PBXVariantGroup;
			children = (
				7EB252D322E889A800CAA941 /* Base */,
			);
			name = LaunchScreen.storyboard;
			sourceTree = "<group>";
		};
/* End PBXVariantGroup section */

/* Begin XCBuildConfiguration section */
		7EB252D622E889A800CAA941 /* Debug */ = {
			isa = XCBuildConfiguration;
			buildSettings = {
				ALWAYS_SEARCH_USER_PATHS = NO;
				CLANG_ANALYZER_NONNULL = YES;
				CLANG_ANALYZER_NUMBER_OBJECT_CONVERSION = YES_AGGRESSIVE;
				CLANG_CXX_LANGUAGE_STANDARD = "gnu++14";
				CLANG_CXX_LIBRARY = "libc++";
				CLANG_ENABLE_MODULES = YES;
				CLANG_ENABLE_OBJC_ARC = YES;
				CLANG_ENABLE_OBJC_WEAK = YES;
				CLANG_WARN_BLOCK_CAPTURE_AUTORELEASING = YES;
				CLANG_WARN_BOOL_CONVERSION = YES;
				CLANG_WARN_COMMA = YES;
				CLANG_WARN_CONSTANT_CONVERSION = YES;
				CLANG_WARN_DEPRECATED_OBJC_IMPLEMENTATIONS = YES;
				CLANG_WARN_DIRECT_OBJC_ISA_USAGE = YES_ERROR;
				CLANG_WARN_DOCUMENTATION_COMMENTS = YES;
				CLANG_WARN_EMPTY_BODY = YES;
				CLANG_WARN_ENUM_CONVERSION = YES;
				CLANG_WARN_INFINITE_RECURSION = YES;
				CLANG_WARN_INT_CONVERSION = YES;
				CLANG_WARN_NON_LITERAL_NULL_CONVERSION = YES;
				CLANG_WARN_OBJC_IMPLICIT_RETAIN_SELF = YES;
				CLANG_WARN_OBJC_LITERAL_CONVERSION = YES;
				CLANG_WARN_OBJC_ROOT_CLASS = YES_ERROR;
				CLANG_WARN_RANGE_LOOP_ANALYSIS = YES;
				CLANG_WARN_STRICT_PROTOTYPES = YES;
				CLANG_WARN_SUSPICIOUS_MOVE = YES;
				CLANG_WARN_UNGUARDED_AVAILABILITY = YES_AGGRESSIVE;
				CLANG_WARN_UNREACHABLE_CODE = YES;
				CLANG_WARN__DUPLICATE_METHOD_MATCH = YES;
				CODE_SIGN_IDENTITY = "iPhone Developer";
				COPY_PHASE_STRIP = NO;
				DEBUG_INFORMATION_FORMAT = dwarf;
				ENABLE_STRICT_OBJC_MSGSEND = YES;
				ENABLE_TESTABILITY = YES;
				GCC_C_LANGUAGE_STANDARD = gnu11;
				GCC_DYNAMIC_NO_PIC = NO;
				GCC_NO_COMMON_BLOCKS = YES;
				GCC_OPTIMIZATION_LEVEL = 0;
				GCC_PREPROCESSOR_DEFINITIONS = (
					"DEBUG=1",
					"$(inherited)",
				);
				GCC_WARN_64_TO_32_BIT_CONVERSION = YES;
				GCC_WARN_ABOUT_RETURN_TYPE = YES_ERROR;
				GCC_WARN_UNDECLARED_SELECTOR = YES;
				GCC_WARN_UNINITIALIZED_AUTOS = YES_AGGRESSIVE;
				GCC_WARN_UNUSED_FUNCTION = YES;
				GCC_WARN_UNUSED_VARIABLE = YES;
				IPHONEOS_DEPLOYMENT_TARGET = 12.2;
				MTL_ENABLE_DEBUG_INFO = INCLUDE_SOURCE;
				MTL_FAST_MATH = YES;
				ONLY_ACTIVE_ARCH = YES;
				SDKROOT = iphoneos;
				SWIFT_ACTIVE_COMPILATION_CONDITIONS = DEBUG;
				SWIFT_OPTIMIZATION_LEVEL = "-Onone";
			};
			name = Debug;
		};
		7EB252D722E889A800CAA941 /* Release */ = {
			isa = XCBuildConfiguration;
			buildSettings = {
				ALWAYS_SEARCH_USER_PATHS = NO;
				CLANG_ANALYZER_NONNULL = YES;
				CLANG_ANALYZER_NUMBER_OBJECT_CONVERSION = YES_AGGRESSIVE;
				CLANG_CXX_LANGUAGE_STANDARD = "gnu++14";
				CLANG_CXX_LIBRARY = "libc++";
				CLANG_ENABLE_MODULES = YES;
				CLANG_ENABLE_OBJC_ARC = YES;
				CLANG_ENABLE_OBJC_WEAK = YES;
				CLANG_WARN_BLOCK_CAPTURE_AUTORELEASING = YES;
				CLANG_WARN_BOOL_CONVERSION = YES;
				CLANG_WARN_COMMA = YES;
				CLANG_WARN_CONSTANT_CONVERSION = YES;
				CLANG_WARN_DEPRECATED_OBJC_IMPLEMENTATIONS = YES;
				CLANG_WARN_DIRECT_OBJC_ISA_USAGE = YES_ERROR;
				CLANG_WARN_DOCUMENTATION_COMMENTS = YES;
				CLANG_WARN_EMPTY_BODY = YES;
				CLANG_WARN_ENUM_CONVERSION = YES;
				CLANG_WARN_INFINITE_RECURSION = YES;
				CLANG_WARN_INT_CONVERSION = YES;
				CLANG_WARN_NON_LITERAL_NULL_CONVERSION = YES;
				CLANG_WARN_OBJC_IMPLICIT_RETAIN_SELF = YES;
				CLANG_WARN_OBJC_LITERAL_CONVERSION = YES;
				CLANG_WARN_OBJC_ROOT_CLASS = YES_ERROR;
				CLANG_WARN_RANGE_LOOP_ANALYSIS = YES;
				CLANG_WARN_STRICT_PROTOTYPES = YES;
				CLANG_WARN_SUSPICIOUS_MOVE = YES;
				CLANG_WARN_UNGUARDED_AVAILABILITY = YES_AGGRESSIVE;
				CLANG_WARN_UNREACHABLE_CODE = YES;
				CLANG_WARN__DUPLICATE_METHOD_MATCH = YES;
				CODE_SIGN_IDENTITY = "iPhone Developer";
				COPY_PHASE_STRIP = NO;
				DEBUG_INFORMATION_FORMAT = "dwarf-with-dsym";
				ENABLE_NS_ASSERTIONS = NO;
				ENABLE_STRICT_OBJC_MSGSEND = YES;
				GCC_C_LANGUAGE_STANDARD = gnu11;
				GCC_NO_COMMON_BLOCKS = YES;
				GCC_WARN_64_TO_32_BIT_CONVERSION = YES;
				GCC_WARN_ABOUT_RETURN_TYPE = YES_ERROR;
				GCC_WARN_UNDECLARED_SELECTOR = YES;
				GCC_WARN_UNINITIALIZED_AUTOS = YES_AGGRESSIVE;
				GCC_WARN_UNUSED_FUNCTION = YES;
				GCC_WARN_UNUSED_VARIABLE = YES;
				IPHONEOS_DEPLOYMENT_TARGET = 12.2;
				MTL_ENABLE_DEBUG_INFO = NO;
				MTL_FAST_MATH = YES;
				SDKROOT = iphoneos;
				SWIFT_COMPILATION_MODE = wholemodule;
				SWIFT_OPTIMIZATION_LEVEL = "-O";
				VALIDATE_PRODUCT = YES;
			};
			name = Release;
		};
		7EB252D922E889A800CAA941 /* Debug */ = {
			isa = XCBuildConfiguration;
			buildSettings = {
				ASSETCATALOG_COMPILER_APPICON_NAME = AppIcon;
				CODE_SIGN_STYLE = Automatic;
				INFOPLIST_FILE = "Wong Park/Info.plist";
				LD_RUNPATH_SEARCH_PATHS = (
					"$(inherited)",
					"@executable_path/Frameworks",
				);
				PRODUCT_BUNDLE_IDENTIFIER = "com.kipacraft.Wong-Park";
				PRODUCT_NAME = "$(TARGET_NAME)";
				SWIFT_VERSION = 5.0;
				TARGETED_DEVICE_FAMILY = "1,2";
			};
			name = Debug;
		};
		7EB252DA22E889A800CAA941 /* Release */ = {
			isa = XCBuildConfiguration;
			buildSettings = {
				ASSETCATALOG_COMPILER_APPICON_NAME = AppIcon;
				CODE_SIGN_STYLE = Automatic;
				INFOPLIST_FILE = "Wong Park/Info.plist";
				LD_RUNPATH_SEARCH_PATHS = (
					"$(inherited)",
					"@executable_path/Frameworks",
				);
				PRODUCT_BUNDLE_IDENTIFIER = "com.kipacraft.Wong-Park";
				PRODUCT_NAME = "$(TARGET_NAME)";
				SWIFT_VERSION = 5.0;
				TARGETED_DEVICE_FAMILY = "1,2";
			};
			name = Release;
		};
/* End XCBuildConfiguration section */

/* Begin XCConfigurationList section */
		7EB252BE22E889A600CAA941 /* Build configuration list for PBXProject "Wong Park" */ = {
			isa = XCConfigurationList;
			buildConfigurations = (
				7EB252D622E889A800CAA941 /* Debug */,
				7EB252D722E889A800CAA941 /* Release */,
			);
			defaultConfigurationIsVisible = 0;
			defaultConfigurationName = Release;
		};
		7EB252D822E889A800CAA941 /* Build configuration list for PBXNativeTarget "Wong Park" */ = {
			isa = XCConfigurationList;
			buildConfigurations = (
				7EB252D922E889A800CAA941 /* Debug */,
				7EB252DA22E889A800CAA941 /* Release */,
			);
			defaultConfigurationIsVisible = 0;
			defaultConfigurationName = Release;
		};
/* End XCConfigurationList section */

/* Begin XCVersionGroup section */
		7EB252CD22E889A600CAA941 /* Wong_Park.xcdatamodeld */ = {
			isa = XCVersionGroup;
			children = (
				7EB252CE22E889A600CAA941 /* Wong_Park.xcdatamodel */,
			);
			currentVersion = 7EB252CE22E889A600CAA941 /* Wong_Park.xcdatamodel */;
			path = Wong_Park.xcdatamodeld;
			sourceTree = "<group>";
			versionGroupType = wrapper.xcdatamodel;
		};
/* End XCVersionGroup section */
	};
	rootObject = 7EB252BB22E889A600CAA941 /* Project object */;
}
